
Microsoft Visual Studio Solution File, Format Version 12.00
# Visual Studio Version 17
VisualStudioVersion = 17.11.35303.130
MinimumVisualStudioVersion = 10.0.40219.1
Project("{FAE04EC0-301F-11D3-BF4B-00C04F79EFBC}") = "Week4Loops", "Week4Loops\Week4Loops.csproj", "{1D1C405C-BA93-41A8-94B1-B0F79D54F588}"
EndProject
Project("{FAE04EC0-301F-11D3-BF4B-00C04F79EFBC}") = "ForLoopSum", "ForLoopSum\ForLoopSum.csproj", "{C9426266-B1EC-4E9E-B5B7-B99D19D507E2}"
EndProject
Project("{FAE04EC0-301F-11D3-BF4B-00C04F79EFBC}") = "RandomNumber", "RandomNumber\RandomNumber.csproj", "{11EFE790-2632-4F84-ACE8-BF1942AC76D1}"
EndProject
Project("{FAE04EC0-301F-11D3-BF4B-00C04F79EFBC}") = "WhileLoops", "WhileLoops\WhileLoops.csproj", "{D5377232-1A8D-439C-ACF2-30DA7E542E42}"
EndProject
Global
	GlobalSection(SolutionConfigurationPlatforms) = preSolution
		Debug|Any CPU = Debug|Any CPU
		Release|Any CPU = Release|Any CPU
	EndGlobalSection
	GlobalSection(ProjectConfigurationPlatforms) = postSolution
		{1D1C405C-BA93-41A8-94B1-B0F79D54F588}.Debug|Any CPU.ActiveCfg = Debug|Any CPU
		{1D1C405C-BA93-41A8-94B1-B0F79D54F588}.Debug|Any CPU.Build.0 = Debug|Any CPU
		{1D1C405C-BA93-41A8-94B1-B0F79D54F588}.Release|Any CPU.ActiveCfg = Release|Any CPU
		{1D1C405C-BA93-41A8-94B1-B0F79D54F588}.Release|Any CPU.Build.0 = Release|Any CPU
		{C9426266-B1EC-4E9E-B5B7-B99D19D507E2}.Debug|Any CPU.ActiveCfg = Debug|Any CPU
		{C9426266-B1EC-4E9E-B5B7-B99D19D507E2}.Debug|Any CPU.Build.0 = Debug|Any CPU
		{C9426266-B1EC-4E9E-B5B7-B99D19D507E2}.Release|Any CPU.ActiveCfg = Release|Any CPU
		{C9426266-B1EC-4E9E-B5B7-B99D19D507E2}.Release|Any CPU.Build.0 = Release|Any CPU
		{11EFE790-2632-4F84-ACE8-BF1942AC76D1}.Debug|Any CPU.ActiveCfg = Debug|Any CPU
		{11EFE790-2632-4F84-ACE8-BF1942AC76D1}.Debug|Any CPU.Build.0 = Debug|Any CPU
		{11EFE790-2632-4F84-ACE8-BF1942AC76D1}.Release|Any CPU.ActiveCfg = Release|Any CPU
		{11EFE790-2632-4F84-ACE8-BF1942AC76D1}.Release|Any CPU.Build.0 = Release|Any CPU
		{D5377232-1A8D-439C-ACF2-30DA7E542E42}.Debug|Any CPU.ActiveCfg = Debug|Any CPU
		{D5377232-1A8D-439C-ACF2-30DA7E542E42}.Debug|Any CPU.Build.0 = Debug|Any CPU
		{D5377232-1A8D-439C-ACF2-30DA7E542E42}.Release|Any CPU.ActiveCfg = Release|Any CPU
		{D5377232-1A8D-439C-ACF2-30DA7E542E42}.Release|Any CPU.Build.0 = Release|Any CPU
	EndGlobalSection
	GlobalSection(SolutionProperties) = preSolution
		HideSolutionNode = FALSE
	EndGlobalSection
	GlobalSection(ExtensibilityGlobals) = postSolution
		SolutionGuid = {2AB134E4-9646-4393-98C1-15E3948A0908}
	EndGlobalSection
EndGlobal
